
Microsoft Visual Studio Solution File, Format Version 12.00
# Visual Studio Version 16
VisualStudioVersion = 16.0.30717.126
MinimumVisualStudioVersion = 10.0.40219.1
Project("{FAE04EC0-301F-11D3-BF4B-00C04F79EFBC}") = "WeatherMap", "WeatherMap\WeatherMap.csproj", "{DDA9201D-B0EF-4B28-BCDD-E98101905A16}"
EndProject
Global
	GlobalSection(SolutionConfigurationPlatforms) = preSolution
		Debug|Any CPU = Debug|Any CPU
		Release|Any CPU = Release|Any CPU
	EndGlobalSection
	GlobalSection(ProjectConfigurationPlatforms) = postSolution
		{DDA9201D-B0EF-4B28-BCDD-E98101905A16}.Debug|Any CPU.ActiveCfg = Debug|Any CPU
		{DDA9201D-B0EF-4B28-BCDD-E98101905A16}.Debug|Any CPU.Build.0 = Debug|Any CPU
		{DDA9201D-B0EF-4B28-BCDD-E98101905A16}.Release|Any CPU.ActiveCfg = Release|Any CPU
		{DDA9201D-B0EF-4B28-BCDD-E98101905A16}.Release|Any CPU.Build.0 = Release|Any CPU
	EndGlobalSection
	GlobalSection(SolutionProperties) = preSolution
		HideSolutionNode = FALSE
	EndGlobalSection
	GlobalSection(ExtensibilityGlobals) = postSolution
		SolutionGuid = {38774E96-2C3F-48F3-9A50-6498454A223C}
	EndGlobalSection
EndGlobal
